PODS:
  - Masonry (1.1.0)
  - TEST (0.5.0):
    - Masonry

DEPENDENCIES:
  - TEST (from `../`)

SPEC REPOS:
  https://github.com/cocoapods/specs.git:
    - Masonry

EXTERNAL SOURCES:
  TEST:
    :path: "../"

SPEC CHECKSUMS:
  Masonry: 678fab65091a9290e40e2832a55e7ab731aad201
  TEST: 1e9d3cfcd94782ac7e02d1a12a8d99ff9437f7cc

PODFILE CHECKSUM: 509014c03f1aa9042a2cce2d54d4ed202fb47bba

COCOAPODS: 1.5.3
