PODS:
  - Masonry (1.1.0)
  - TEST (0.9.0):
    - Masonry

DEPENDENCIES:
  - TEST (from `../`)

SPEC REPOS:
  https://github.com/cocoapods/specs.git:
    - Masonry

EXTERNAL SOURCES:
  TEST:
    :path: "../"

SPEC CHECKSUMS:
  Masonry: 678fab65091a9290e40e2832a55e7ab731aad201
  TEST: e360453b27704810e10e14d96aae8c8b51a4c609

PODFILE CHECKSUM: 509014c03f1aa9042a2cce2d54d4ed202fb47bba

COCOAPODS: 1.5.3
