PODS:
  - Masonry (1.1.0)
  - TEST (0.6.0):
    - Masonry

DEPENDENCIES:
  - TEST (from `../`)

SPEC REPOS:
  https://github.com/cocoapods/specs.git:
    - Masonry

EXTERNAL SOURCES:
  TEST:
    :path: "../"

SPEC CHECKSUMS:
  Masonry: 678fab65091a9290e40e2832a55e7ab731aad201
  TEST: 0b8f0b014d23623cc87bf8f02907834c914f94b7

PODFILE CHECKSUM: 509014c03f1aa9042a2cce2d54d4ed202fb47bba

COCOAPODS: 1.5.3
